# Copyright (c) 2024 Silicon Laboratories Inc.
# SPDX-License-Identifier: Apache-2.0

description: Clocks embedded on Silabs SiWx917 chips

compatible: "silabs,siwx917-clock"

include: [clock-controller.yaml, base.yaml]

properties:
  reg:
    required: true

  "#clock-cells":
    const: 1

clock-cells:
  - clkid
